
Microsoft Visual Studio Solution File, Format Version 12.00
# Visual Studio Version 17
VisualStudioVersion = 17.0.31717.71
MinimumVisualStudioVersion = 10.0.40219.1
Project("{9A19103F-16F7-4668-BE54-9A1E7A4F7556}") = "ShoppingCart_With_SRP", "SingleResponsibilityPrinciple\ShoppingCart_With_SRP.csproj", "{1C88D023-B14B-4C06-A576-AAB2D08015FA}"
EndProject
Project("{9A19103F-16F7-4668-BE54-9A1E7A4F7556}") = "ShoppingCart_Without_SRP", "ShoppingCart_Without_SRP\ShoppingCart_Without_SRP.csproj", "{6151F275-1F9B-4B88-AC93-42642FAD13F9}"
EndProject
Project("{FAE04EC0-301F-11D3-BF4B-00C04F79EFBC}") = "SRP.Tests.Unit", "SRP.Tests.Unit\SRP.Tests.Unit.csproj", "{6F821E89-D6AE-40A1-98FF-DF1ADC2BDB54}"
EndProject
Global
	GlobalSection(SolutionConfigurationPlatforms) = preSolution
		Debug|Any CPU = Debug|Any CPU
		Release|Any CPU = Release|Any CPU
	EndGlobalSection
	GlobalSection(ProjectConfigurationPlatforms) = postSolution
		{1C88D023-B14B-4C06-A576-AAB2D08015FA}.Debug|Any CPU.ActiveCfg = Debug|Any CPU
		{1C88D023-B14B-4C06-A576-AAB2D08015FA}.Debug|Any CPU.Build.0 = Debug|Any CPU
		{1C88D023-B14B-4C06-A576-AAB2D08015FA}.Release|Any CPU.ActiveCfg = Release|Any CPU
		{1C88D023-B14B-4C06-A576-AAB2D08015FA}.Release|Any CPU.Build.0 = Release|Any CPU
		{6151F275-1F9B-4B88-AC93-42642FAD13F9}.Debug|Any CPU.ActiveCfg = Debug|Any CPU
		{6151F275-1F9B-4B88-AC93-42642FAD13F9}.Debug|Any CPU.Build.0 = Debug|Any CPU
		{6151F275-1F9B-4B88-AC93-42642FAD13F9}.Release|Any CPU.ActiveCfg = Release|Any CPU
		{6151F275-1F9B-4B88-AC93-42642FAD13F9}.Release|Any CPU.Build.0 = Release|Any CPU
		{6F821E89-D6AE-40A1-98FF-DF1ADC2BDB54}.Debug|Any CPU.ActiveCfg = Debug|Any CPU
		{6F821E89-D6AE-40A1-98FF-DF1ADC2BDB54}.Debug|Any CPU.Build.0 = Debug|Any CPU
		{6F821E89-D6AE-40A1-98FF-DF1ADC2BDB54}.Release|Any CPU.ActiveCfg = Release|Any CPU
		{6F821E89-D6AE-40A1-98FF-DF1ADC2BDB54}.Release|Any CPU.Build.0 = Release|Any CPU
	EndGlobalSection
	GlobalSection(SolutionProperties) = preSolution
		HideSolutionNode = FALSE
	EndGlobalSection
	GlobalSection(ExtensibilityGlobals) = postSolution
		SolutionGuid = {A8ADA630-8837-4B8B-B479-A184F4D82D08}
	EndGlobalSection
EndGlobal
